
Microsoft Visual Studio Solution File, Format Version 12.00
# Visual Studio 15
VisualStudioVersion = 15.0.27428.2005
MinimumVisualStudioVersion = 10.0.40219.1
Project("{FAE04EC0-301F-11D3-BF4B-00C04F79EFBC}") = "XS.Core", "XS.Core\XS.Core.csproj", "{C24F54A0-035B-47D3-9729-07BCD9824EC1}"
EndProject
Project("{FAE04EC0-301F-11D3-BF4B-00C04F79EFBC}") = "XS.Console", "XS.Console\XS.Console.csproj", "{F802B264-EE68-46B4-80BD-BC848F8F6D9C}"
EndProject
Project("{FAE04EC0-301F-11D3-BF4B-00C04F79EFBC}") = "XS.Test", "XS.Test\XS.Test.csproj", "{92A0ACF4-96A3-40BA-A391-C221D1221166}"
EndProject
Global
	GlobalSection(SolutionConfigurationPlatforms) = preSolution
		Debug|Any CPU = Debug|Any CPU
		Release|Any CPU = Release|Any CPU
	EndGlobalSection
	GlobalSection(ProjectConfigurationPlatforms) = postSolution
		{C24F54A0-035B-47D3-9729-07BCD9824EC1}.Debug|Any CPU.ActiveCfg = Debug|Any CPU
		{C24F54A0-035B-47D3-9729-07BCD9824EC1}.Debug|Any CPU.Build.0 = Debug|Any CPU
		{C24F54A0-035B-47D3-9729-07BCD9824EC1}.Release|Any CPU.ActiveCfg = Release|Any CPU
		{C24F54A0-035B-47D3-9729-07BCD9824EC1}.Release|Any CPU.Build.0 = Release|Any CPU
		{F802B264-EE68-46B4-80BD-BC848F8F6D9C}.Debug|Any CPU.ActiveCfg = Debug|Any CPU
		{F802B264-EE68-46B4-80BD-BC848F8F6D9C}.Debug|Any CPU.Build.0 = Debug|Any CPU
		{F802B264-EE68-46B4-80BD-BC848F8F6D9C}.Release|Any CPU.ActiveCfg = Release|Any CPU
		{F802B264-EE68-46B4-80BD-BC848F8F6D9C}.Release|Any CPU.Build.0 = Release|Any CPU
		{92A0ACF4-96A3-40BA-A391-C221D1221166}.Debug|Any CPU.ActiveCfg = Debug|Any CPU
		{92A0ACF4-96A3-40BA-A391-C221D1221166}.Debug|Any CPU.Build.0 = Debug|Any CPU
		{92A0ACF4-96A3-40BA-A391-C221D1221166}.Release|Any CPU.ActiveCfg = Release|Any CPU
		{92A0ACF4-96A3-40BA-A391-C221D1221166}.Release|Any CPU.Build.0 = Release|Any CPU
	EndGlobalSection
	GlobalSection(SolutionProperties) = preSolution
		HideSolutionNode = FALSE
	EndGlobalSection
	GlobalSection(ExtensibilityGlobals) = postSolution
		SolutionGuid = {E8145418-E4BB-41FF-BB59-B6406655386C}
	EndGlobalSection
EndGlobal
